
Microsoft Visual Studio Solution File, Format Version 12.00
# Visual Studio Version 17
VisualStudioVersion = 17.4.33110.190
MinimumVisualStudioVersion = 10.0.40219.1
Project("{9A19103F-16F7-4668-BE54-9A1E7A4F7556}") = "ConsoleApp1", "ConsoleApp1\ConsoleApp1.csproj", "{D8DA2BBC-1845-4952-AFB4-EC8E1873401F}"
EndProject
Project("{9A19103F-16F7-4668-BE54-9A1E7A4F7556}") = "GrabTheTreasure", "GrabTheTreasure\GrabTheTreasure.csproj", "{9FCDE26D-BAB6-428A-8ADB-5F9006500D4D}"
EndProject
Project("{9A19103F-16F7-4668-BE54-9A1E7A4F7556}") = "CrackSafeWindNet", "CrackSafeWindNet\CrackSafeWindNet.csproj", "{0940C89D-5884-4009-8232-307052543E69}"
EndProject
Global
	GlobalSection(SolutionConfigurationPlatforms) = preSolution
		Debug|Any CPU = Debug|Any CPU
		Release|Any CPU = Release|Any CPU
	EndGlobalSection
	GlobalSection(ProjectConfigurationPlatforms) = postSolution
		{D8DA2BBC-1845-4952-AFB4-EC8E1873401F}.Debug|Any CPU.ActiveCfg = Debug|Any CPU
		{D8DA2BBC-1845-4952-AFB4-EC8E1873401F}.Debug|Any CPU.Build.0 = Debug|Any CPU
		{D8DA2BBC-1845-4952-AFB4-EC8E1873401F}.Release|Any CPU.ActiveCfg = Release|Any CPU
		{D8DA2BBC-1845-4952-AFB4-EC8E1873401F}.Release|Any CPU.Build.0 = Release|Any CPU
		{9FCDE26D-BAB6-428A-8ADB-5F9006500D4D}.Debug|Any CPU.ActiveCfg = Debug|Any CPU
		{9FCDE26D-BAB6-428A-8ADB-5F9006500D4D}.Debug|Any CPU.Build.0 = Debug|Any CPU
		{9FCDE26D-BAB6-428A-8ADB-5F9006500D4D}.Release|Any CPU.ActiveCfg = Release|Any CPU
		{9FCDE26D-BAB6-428A-8ADB-5F9006500D4D}.Release|Any CPU.Build.0 = Release|Any CPU
		{0940C89D-5884-4009-8232-307052543E69}.Debug|Any CPU.ActiveCfg = Debug|Any CPU
		{0940C89D-5884-4009-8232-307052543E69}.Debug|Any CPU.Build.0 = Debug|Any CPU
		{0940C89D-5884-4009-8232-307052543E69}.Release|Any CPU.ActiveCfg = Release|Any CPU
		{0940C89D-5884-4009-8232-307052543E69}.Release|Any CPU.Build.0 = Release|Any CPU
	EndGlobalSection
	GlobalSection(SolutionProperties) = preSolution
		HideSolutionNode = FALSE
	EndGlobalSection
	GlobalSection(ExtensibilityGlobals) = postSolution
		SolutionGuid = {B07101DE-9427-4950-BEFC-3F355D511C6F}
	EndGlobalSection
EndGlobal
